// !$*UTF8*$!
{
	archiveVersion = 1;
	classes = {
	};
	objectVersion = 56;
	objects = {

/* Begin PBXBuildFile section */
		8D3C21602A309BFA0036DCBA /* MagicIsRealApp.swift in Sources */ = {isa = PBXBuildFile; fileRef = 8D3C215F2A309BFA0036DCBA /* MagicIsRealApp.swift */; };
		8D3C21622A309BFA0036DCBA /* HomeView.swift in Sources */ = {isa = PBXBuildFile; fileRef = 8D3C21612A309BFA0036DCBA /* HomeView.swift */; };
		8D3C21642A309BFB0036DCBA /* Assets.xcassets in Resources */ = {isa = PBXBuildFile; fileRef = 8D3C21632A309BFB0036DCBA /* Assets.xcassets */; };
		8D3C21672A309BFB0036DCBA /* Preview Assets.xcassets in Resources */ = {isa = PBXBuildFile; fileRef = 8D3C21662A309BFB0036DCBA /* Preview Assets.xcassets */; };
		8DFDD3282A30A1AE006ED88F /* BodyTracking in Frameworks */ = {isa = PBXBuildFile; productRef = 8DFDD3272A30A1AE006ED88F /* BodyTracking */; };
		8DFDD32A2A30B134006ED88F /* Router.swift in Sources */ = {isa = PBXBuildFile; fileRef = 8DFDD3292A30B134006ED88F /* Router.swift */; };
		8DFDD32C2A30B350006ED88F /* ARMaskView.swift in Sources */ = {isa = PBXBuildFile; fileRef = 8DFDD32B2A30B350006ED88F /* ARMaskView.swift */; };
		8DFDD32E2A30B37C006ED88F /* BodyARView.swift in Sources */ = {isa = PBXBuildFile; fileRef = 8DFDD32D2A30B37C006ED88F /* BodyARView.swift */; };
		8DFDD3302A30E2A9006ED88F /* CustonHandTracker2D.swift in Sources */ = {isa = PBXBuildFile; fileRef = 8DFDD32F2A30E2A9006ED88F /* CustonHandTracker2D.swift */; };
		8DFDD3322A30E931006ED88F /* MagicHandPoseClassifier.mlmodel in Sources */ = {isa = PBXBuildFile; fileRef = 8DFDD3312A30E931006ED88F /* MagicHandPoseClassifier.mlmodel */; };
		8DFDD3342A30FB2E006ED88F /* MagicView.swift in Sources */ = {isa = PBXBuildFile; fileRef = 8DFDD3332A30FB2E006ED88F /* MagicView.swift */; };
		8DFDD3362A313490006ED88F /* MagicHandPoseClassifier2.mlmodel in Sources */ = {isa = PBXBuildFile; fileRef = 8DFDD3352A313490006ED88F /* MagicHandPoseClassifier2.mlmodel */; };
		8DFDD33A2A314FF9006ED88F /* MyHandPoseClassifier1.mlpackage in Sources */ = {isa = PBXBuildFile; fileRef = 8DFDD3392A314FF9006ED88F /* MyHandPoseClassifier1.mlpackage */; };
		8DFDD33C2A31514C006ED88F /* MyHandPoseClassifier2.mlarchive in Resources */ = {isa = PBXBuildFile; fileRef = 8DFDD33B2A31514C006ED88F /* MyHandPoseClassifier2.mlarchive */; };
		8DFDD33F2A31EF2B006ED88F /* MagicHandML5.mlmodel in Sources */ = {isa = PBXBuildFile; fileRef = 8DFDD33E2A31EF2B006ED88F /* MagicHandML5.mlmodel */; };
/* End PBXBuildFile section */

/* Begin PBXFileReference section */
		8D3C215C2A309BFA0036DCBA /* MagicIsReal.app */ = {isa = PBXFileReference; explicitFileType = wrapper.application; includeInIndex = 0; path = MagicIsReal.app; sourceTree = BUILT_PRODUCTS_DIR; };
		8D3C215F2A309BFA0036DCBA /* MagicIsRealApp.swift */ = {isa = PBXFileReference; lastKnownFileType = sourcecode.swift; path = MagicIsRealApp.swift; sourceTree = "<group>"; };
		8D3C21612A309BFA0036DCBA /* HomeView.swift */ = {isa = PBXFileReference; lastKnownFileType = sourcecode.swift; path = HomeView.swift; sourceTree = "<group>"; };
		8D3C21632A309BFB0036DCBA /* Assets.xcassets */ = {isa = PBXFileReference; lastKnownFileType = folder.assetcatalog; path = Assets.xcassets; sourceTree = "<group>"; };
		8D3C21662A309BFB0036DCBA /* Preview Assets.xcassets */ = {isa = PBXFileReference; lastKnownFileType = folder.assetcatalog; path = "Preview Assets.xcassets"; sourceTree = "<group>"; };
		8DFDD3292A30B134006ED88F /* Router.swift */ = {isa = PBXFileReference; lastKnownFileType = sourcecode.swift; path = Router.swift; sourceTree = "<group>"; };
		8DFDD32B2A30B350006ED88F /* ARMaskView.swift */ = {isa = PBXFileReference; lastKnownFileType = sourcecode.swift; path = ARMaskView.swift; sourceTree = "<group>"; };
		8DFDD32D2A30B37C006ED88F /* BodyARView.swift */ = {isa = PBXFileReference; lastKnownFileType = sourcecode.swift; path = BodyARView.swift; sourceTree = "<group>"; };
		8DFDD32F2A30E2A9006ED88F /* CustonHandTracker2D.swift */ = {isa = PBXFileReference; lastKnownFileType = sourcecode.swift; path = CustonHandTracker2D.swift; sourceTree = "<group>"; };
		8DFDD3312A30E931006ED88F /* MagicHandPoseClassifier.mlmodel */ = {isa = PBXFileReference; lastKnownFileType = file.mlmodel; name = MagicHandPoseClassifier.mlmodel; path = PhotoML/MagicHandPoseClassifier.mlmodel; sourceTree = "<group>"; };
		8DFDD3332A30FB2E006ED88F /* MagicView.swift */ = {isa = PBXFileReference; lastKnownFileType = sourcecode.swift; path = MagicView.swift; sourceTree = "<group>"; };
		8DFDD3352A313490006ED88F /* MagicHandPoseClassifier2.mlmodel */ = {isa = PBXFileReference; lastKnownFileType = file.mlmodel; name = MagicHandPoseClassifier2.mlmodel; path = PhotoML/MagicHandPoseClassifier2.mlmodel; sourceTree = "<group>"; };
		8DFDD3392A314FF9006ED88F /* MyHandPoseClassifier1.mlpackage */ = {isa = PBXFileReference; lastKnownFileType = folder.mlpackage; name = MyHandPoseClassifier1.mlpackage; path = PhotoML/MyHandPoseClassifier1.mlpackage; sourceTree = "<group>"; };
		8DFDD33B2A31514C006ED88F /* MyHandPoseClassifier2.mlarchive */ = {isa = PBXFileReference; lastKnownFileType = file; name = MyHandPoseClassifier2.mlarchive; path = PhotoML/MyHandPoseClassifier2.mlarchive; sourceTree = "<group>"; };
		8DFDD33D2A3154D0006ED88F /* Info.plist */ = {isa = PBXFileReference; lastKnownFileType = text.plist; path = Info.plist; sourceTree = "<group>"; };
		8DFDD33E2A31EF2B006ED88F /* MagicHandML5.mlmodel */ = {isa = PBXFileReference; lastKnownFileType = file.mlmodel; name = MagicHandML5.mlmodel; path = PhotoML/MagicHandML5.mlmodel; sourceTree = "<group>"; };
/* End PBXFileReference section */

/* Begin PBXFrameworksBuildPhase section */
		8D3C21592A309BFA0036DCBA /* Frameworks */ = {
			isa = PBXFrameworksBuildPhase;
			buildActionMask = 2147483647;
			files = (
				8DFDD3282A30A1AE006ED88F /* BodyTracking in Frameworks */,
			);
			runOnlyForDeploymentPostprocessing = 0;
		};
/* End PBXFrameworksBuildPhase section */

/* Begin PBXGroup section */
		8D3C21532A309BFA0036DCBA = {
			isa = PBXGroup;
			children = (
				8DFDD33E2A31EF2B006ED88F /* MagicHandML5.mlmodel */,
				8DFDD3392A314FF9006ED88F /* MyHandPoseClassifier1.mlpackage */,
				8DFDD33B2A31514C006ED88F /* MyHandPoseClassifier2.mlarchive */,
				8DFDD3352A313490006ED88F /* MagicHandPoseClassifier2.mlmodel */,
				8DFDD3312A30E931006ED88F /* MagicHandPoseClassifier.mlmodel */,
				8D3C215E2A309BFA0036DCBA /* MagicIsReal */,
				8D3C215D2A309BFA0036DCBA /* Products */,
			);
			sourceTree = "<group>";
		};
		8D3C215D2A309BFA0036DCBA /* Products */ = {
			isa = PBXGroup;
			children = (
				8D3C215C2A309BFA0036DCBA /* MagicIsReal.app */,
			);
			name = Products;
			sourceTree = "<group>";
		};
		8D3C215E2A309BFA0036DCBA /* MagicIsReal */ = {
			isa = PBXGroup;
			children = (
				8DFDD33D2A3154D0006ED88F /* Info.plist */,
				8D3C215F2A309BFA0036DCBA /* MagicIsRealApp.swift */,
				8D3C21612A309BFA0036DCBA /* HomeView.swift */,
				8D3C21632A309BFB0036DCBA /* Assets.xcassets */,
				8D3C21652A309BFB0036DCBA /* Preview Content */,
				8DFDD3292A30B134006ED88F /* Router.swift */,
				8DFDD3332A30FB2E006ED88F /* MagicView.swift */,
				8DFDD32B2A30B350006ED88F /* ARMaskView.swift */,
				8DFDD32D2A30B37C006ED88F /* BodyARView.swift */,
				8DFDD32F2A30E2A9006ED88F /* CustonHandTracker2D.swift */,
			);
			path = MagicIsReal;
			sourceTree = "<group>";
		};
		8D3C21652A309BFB0036DCBA /* Preview Content */ = {
			isa = PBXGroup;
			children = (
				8D3C21662A309BFB0036DCBA /* Preview Assets.xcassets */,
			);
			path = "Preview Content";
			sourceTree = "<group>";
		};
/* End PBXGroup section */

/* Begin PBXNativeTarget section */
		8D3C215B2A309BFA0036DCBA /* MagicIsReal */ = {
			isa = PBXNativeTarget;
			buildConfigurationList = 8D3C216A2A309BFB0036DCBA /* Build configuration list for PBXNativeTarget "MagicIsReal" */;
			buildPhases = (
				8D3C21582A309BFA0036DCBA /* Sources */,
				8D3C21592A309BFA0036DCBA /* Frameworks */,
				8D3C215A2A309BFA0036DCBA /* Resources */,
			);
			buildRules = (
			);
			dependencies = (
			);
			name = MagicIsReal;
			packageProductDependencies = (
				8DFDD3272A30A1AE006ED88F /* BodyTracking */,
			);
			productName = MagicIsReal;
			productReference = 8D3C215C2A309BFA0036DCBA /* MagicIsReal.app */;
			productType = "com.apple.product-type.application";
		};
/* End PBXNativeTarget section */

/* Begin PBXProject section */
		8D3C21542A309BFA0036DCBA /* Project object */ = {
			isa = PBXProject;
			attributes = {
				BuildIndependentTargetsInParallel = 1;
				LastSwiftUpdateCheck = 1420;
				LastUpgradeCheck = 1420;
				TargetAttributes = {
					8D3C215B2A309BFA0036DCBA = {
						CreatedOnToolsVersion = 14.2;
					};
				};
			};
			buildConfigurationList = 8D3C21572A309BFA0036DCBA /* Build configuration list for PBXProject "MagicIsReal" */;
			compatibilityVersion = "Xcode 14.0";
			developmentRegion = en;
			hasScannedForEncodings = 0;
			knownRegions = (
				en,
				Base,
			);
			mainGroup = 8D3C21532A309BFA0036DCBA;
			packageReferences = (
				8DFDD3262A30A1AE006ED88F /* XCRemoteSwiftPackageReference "BodyTracking" */,
			);
			productRefGroup = 8D3C215D2A309BFA0036DCBA /* Products */;
			projectDirPath = "";
			projectRoot = "";
			targets = (
				8D3C215B2A309BFA0036DCBA /* MagicIsReal */,
			);
		};
/* End PBXProject section */

/* Begin PBXResourcesBuildPhase section */
		8D3C215A2A309BFA0036DCBA /* Resources */ = {
			isa = PBXResourcesBuildPhase;
			buildActionMask = 2147483647;
			files = (
				8D3C21672A309BFB0036DCBA /* Preview Assets.xcassets in Resources */,
				8DFDD33C2A31514C006ED88F /* MyHandPoseClassifier2.mlarchive in Resources */,
				8D3C21642A309BFB0036DCBA /* Assets.xcassets in Resources */,
			);
			runOnlyForDeploymentPostprocessing = 0;
		};
/* End PBXResourcesBuildPhase section */

/* Begin PBXSourcesBuildPhase section */
		8D3C21582A309BFA0036DCBA /* Sources */ = {
			isa = PBXSourcesBuildPhase;
			buildActionMask = 2147483647;
			files = (
				8DFDD33A2A314FF9006ED88F /* MyHandPoseClassifier1.mlpackage in Sources */,
				8DFDD32E2A30B37C006ED88F /* BodyARView.swift in Sources */,
				8D3C21622A309BFA0036DCBA /* HomeView.swift in Sources */,
				8DFDD33F2A31EF2B006ED88F /* MagicHandML5.mlmodel in Sources */,
				8DFDD32A2A30B134006ED88F /* Router.swift in Sources */,
				8DFDD32C2A30B350006ED88F /* ARMaskView.swift in Sources */,
				8DFDD3302A30E2A9006ED88F /* CustonHandTracker2D.swift in Sources */,
				8DFDD3322A30E931006ED88F /* MagicHandPoseClassifier.mlmodel in Sources */,
				8DFDD3362A313490006ED88F /* MagicHandPoseClassifier2.mlmodel in Sources */,
				8DFDD3342A30FB2E006ED88F /* MagicView.swift in Sources */,
				8D3C21602A309BFA0036DCBA /* MagicIsRealApp.swift in Sources */,
			);
			runOnlyForDeploymentPostprocessing = 0;
		};
/* End PBXSourcesBuildPhase section */

/* Begin XCBuildConfiguration section */
		8D3C21682A309BFB0036DCBA /* Debug */ = {
			isa = XCBuildConfiguration;
			buildSettings = {
				ALWAYS_SEARCH_USER_PATHS = NO;
				CLANG_ANALYZER_NONNULL = YES;
				CLANG_ANALYZER_NUMBER_OBJECT_CONVERSION = YES_AGGRESSIVE;
				CLANG_CXX_LANGUAGE_STANDARD = "gnu++20";
				CLANG_ENABLE_MODULES = YES;
				CLANG_ENABLE_OBJC_ARC = YES;
				CLANG_ENABLE_OBJC_WEAK = YES;
				CLANG_WARN_BLOCK_CAPTURE_AUTORELEASING = YES;
				CLANG_WARN_BOOL_CONVERSION = YES;
				CLANG_WARN_COMMA = YES;
				CLANG_WARN_CONSTANT_CONVERSION = YES;
				CLANG_WARN_DEPRECATED_OBJC_IMPLEMENTATIONS = YES;
				CLANG_WARN_DIRECT_OBJC_ISA_USAGE = YES_ERROR;
				CLANG_WARN_DOCUMENTATION_COMMENTS = YES;
				CLANG_WARN_EMPTY_BODY = YES;
				CLANG_WARN_ENUM_CONVERSION = YES;
				CLANG_WARN_INFINITE_RECURSION = YES;
				CLANG_WARN_INT_CONVERSION = YES;
				CLANG_WARN_NON_LITERAL_NULL_CONVERSION = YES;
				CLANG_WARN_OBJC_IMPLICIT_RETAIN_SELF = YES;
				CLANG_WARN_OBJC_LITERAL_CONVERSION = YES;
				CLANG_WARN_OBJC_ROOT_CLASS = YES_ERROR;
				CLANG_WARN_QUOTED_INCLUDE_IN_FRAMEWORK_HEADER = YES;
				CLANG_WARN_RANGE_LOOP_ANALYSIS = YES;
				CLANG_WARN_STRICT_PROTOTYPES = YES;
				CLANG_WARN_SUSPICIOUS_MOVE = YES;
				CLANG_WARN_UNGUARDED_AVAILABILITY = YES_AGGRESSIVE;
				CLANG_WARN_UNREACHABLE_CODE = YES;
				CLANG_WARN__DUPLICATE_METHOD_MATCH = YES;
				COPY_PHASE_STRIP = NO;
				COREML_CODEGEN_LANGUAGE = Swift;
				DEBUG_INFORMATION_FORMAT = dwarf;
				ENABLE_STRICT_OBJC_MSGSEND = YES;
				ENABLE_TESTABILITY = YES;
				GCC_C_LANGUAGE_STANDARD = gnu11;
				GCC_DYNAMIC_NO_PIC = NO;
				GCC_NO_COMMON_BLOCKS = YES;
				GCC_OPTIMIZATION_LEVEL = 0;
				GCC_PREPROCESSOR_DEFINITIONS = (
					"DEBUG=1",
					"$(inherited)",
				);
				GCC_WARN_64_TO_32_BIT_CONVERSION = YES;
				GCC_WARN_ABOUT_RETURN_TYPE = YES_ERROR;
				GCC_WARN_UNDECLARED_SELECTOR = YES;
				GCC_WARN_UNINITIALIZED_AUTOS = YES_AGGRESSIVE;
				GCC_WARN_UNUSED_FUNCTION = YES;
				GCC_WARN_UNUSED_VARIABLE = YES;
				IPHONEOS_DEPLOYMENT_TARGET = 15.0;
				MTL_ENABLE_DEBUG_INFO = INCLUDE_SOURCE;
				MTL_FAST_MATH = YES;
				ONLY_ACTIVE_ARCH = YES;
				SDKROOT = iphoneos;
				SWIFT_ACTIVE_COMPILATION_CONDITIONS = DEBUG;
				SWIFT_OPTIMIZATION_LEVEL = "-Onone";
			};
			name = Debug;
		};
		8D3C21692A309BFB0036DCBA /* Release */ = {
			isa = XCBuildConfiguration;
			buildSettings = {
				ALWAYS_SEARCH_USER_PATHS = NO;
				CLANG_ANALYZER_NONNULL = YES;
				CLANG_ANALYZER_NUMBER_OBJECT_CONVERSION = YES_AGGRESSIVE;
				CLANG_CXX_LANGUAGE_STANDARD = "gnu++20";
				CLANG_ENABLE_MODULES = YES;
				CLANG_ENABLE_OBJC_ARC = YES;
				CLANG_ENABLE_OBJC_WEAK = YES;
				CLANG_WARN_BLOCK_CAPTURE_AUTORELEASING = YES;
				CLANG_WARN_BOOL_CONVERSION = YES;
				CLANG_WARN_COMMA = YES;
				CLANG_WARN_CONSTANT_CONVERSION = YES;
				CLANG_WARN_DEPRECATED_OBJC_IMPLEMENTATIONS = YES;
				CLANG_WARN_DIRECT_OBJC_ISA_USAGE = YES_ERROR;
				CLANG_WARN_DOCUMENTATION_COMMENTS = YES;
				CLANG_WARN_EMPTY_BODY = YES;
				CLANG_WARN_ENUM_CONVERSION = YES;
				CLANG_WARN_INFINITE_RECURSION = YES;
				CLANG_WARN_INT_CONVERSION = YES;
				CLANG_WARN_NON_LITERAL_NULL_CONVERSION = YES;
				CLANG_WARN_OBJC_IMPLICIT_RETAIN_SELF = YES;
				CLANG_WARN_OBJC_LITERAL_CONVERSION = YES;
				CLANG_WARN_OBJC_ROOT_CLASS = YES_ERROR;
				CLANG_WARN_QUOTED_INCLUDE_IN_FRAMEWORK_HEADER = YES;
				CLANG_WARN_RANGE_LOOP_ANALYSIS = YES;
				CLANG_WARN_STRICT_PROTOTYPES = YES;
				CLANG_WARN_SUSPICIOUS_MOVE = YES;
				CLANG_WARN_UNGUARDED_AVAILABILITY = YES_AGGRESSIVE;
				CLANG_WARN_UNREACHABLE_CODE = YES;
				CLANG_WARN__DUPLICATE_METHOD_MATCH = YES;
				COPY_PHASE_STRIP = NO;
				COREML_CODEGEN_LANGUAGE = Swift;
				DEBUG_INFORMATION_FORMAT = "dwarf-with-dsym";
				ENABLE_NS_ASSERTIONS = NO;
				ENABLE_STRICT_OBJC_MSGSEND = YES;
				GCC_C_LANGUAGE_STANDARD = gnu11;
				GCC_NO_COMMON_BLOCKS = YES;
				GCC_WARN_64_TO_32_BIT_CONVERSION = YES;
				GCC_WARN_ABOUT_RETURN_TYPE = YES_ERROR;
				GCC_WARN_UNDECLARED_SELECTOR = YES;
				GCC_WARN_UNINITIALIZED_AUTOS = YES_AGGRESSIVE;
				GCC_WARN_UNUSED_FUNCTION = YES;
				GCC_WARN_UNUSED_VARIABLE = YES;
				IPHONEOS_DEPLOYMENT_TARGET = 15.0;
				MTL_ENABLE_DEBUG_INFO = NO;
				MTL_FAST_MATH = YES;
				SDKROOT = iphoneos;
				SWIFT_COMPILATION_MODE = wholemodule;
				SWIFT_OPTIMIZATION_LEVEL = "-O";
				VALIDATE_PRODUCT = YES;
			};
			name = Release;
		};
		8D3C216B2A309BFB0036DCBA /* Debug */ = {
			isa = XCBuildConfiguration;
			buildSettings = {
				ASSETCATALOG_COMPILER_APPICON_NAME = AppIcon;
				ASSETCATALOG_COMPILER_GLOBAL_ACCENT_COLOR_NAME = AccentColor;
				CODE_SIGN_STYLE = Automatic;
				COREML_CODEGEN_LANGUAGE = Swift;
				COREML_CODEGEN_SWIFT_GLOBAL_MODULE = YES;
				CURRENT_PROJECT_VERSION = 1;
				DEVELOPMENT_ASSET_PATHS = "\"MagicIsReal/Preview Content\"";
				DEVELOPMENT_TEAM = 79GHQ256TM;
				ENABLE_PREVIEWS = YES;
				GENERATE_INFOPLIST_FILE = YES;
				INFOPLIST_FILE = MagicIsReal/Info.plist;
				INFOPLIST_KEY_NSCameraUsageDescription = "This application uses the camera to demonstrate new Vision technology.";
				INFOPLIST_KEY_UIApplicationSceneManifest_Generation = YES;
				INFOPLIST_KEY_UIApplicationSupportsIndirectInputEvents = YES;
				INFOPLIST_KEY_UILaunchScreen_Generation = YES;
				INFOPLIST_KEY_UISupportedInterfaceOrientations_iPad = "UIInterfaceOrientationPortrait UIInterfaceOrientationPortraitUpsideDown UIInterfaceOrientationLandscapeLeft UIInterfaceOrientationLandscapeRight";
				INFOPLIST_KEY_UISupportedInterfaceOrientations_iPhone = "UIInterfaceOrientationPortrait UIInterfaceOrientationLandscapeLeft UIInterfaceOrientationLandscapeRight";
				IPHONEOS_DEPLOYMENT_TARGET = 15.0;
				LD_RUNPATH_SEARCH_PATHS = (
					"$(inherited)",
					"@executable_path/Frameworks",
				);
				MARKETING_VERSION = 1.0;
				PRODUCT_BUNDLE_IDENTIFIER = com.manev.mikhail.MagicIsReal;
				PRODUCT_NAME = "$(TARGET_NAME)";
				SUPPORTED_PLATFORMS = "iphoneos iphonesimulator";
				SUPPORTS_MACCATALYST = NO;
				SUPPORTS_MAC_DESIGNED_FOR_IPHONE_IPAD = NO;
				SWIFT_EMIT_LOC_STRINGS = YES;
				SWIFT_VERSION = 5.0;
				TARGETED_DEVICE_FAMILY = "1,2";
			};
			name = Debug;
		};
		8D3C216C2A309BFB0036DCBA /* Release */ = {
			isa = XCBuildConfiguration;
			buildSettings = {
				ASSETCATALOG_COMPILER_APPICON_NAME = AppIcon;
				ASSETCATALOG_COMPILER_GLOBAL_ACCENT_COLOR_NAME = AccentColor;
				CODE_SIGN_STYLE = Automatic;
				COREML_CODEGEN_LANGUAGE = Swift;
				COREML_CODEGEN_SWIFT_GLOBAL_MODULE = YES;
				CURRENT_PROJECT_VERSION = 1;
				DEVELOPMENT_ASSET_PATHS = "\"MagicIsReal/Preview Content\"";
				DEVELOPMENT_TEAM = 79GHQ256TM;
				ENABLE_PREVIEWS = YES;
				GENERATE_INFOPLIST_FILE = YES;
				INFOPLIST_FILE = MagicIsReal/Info.plist;
				INFOPLIST_KEY_NSCameraUsageDescription = "This application uses the camera to demonstrate new Vision technology.";
				INFOPLIST_KEY_UIApplicationSceneManifest_Generation = YES;
				INFOPLIST_KEY_UIApplicationSupportsIndirectInputEvents = YES;
				INFOPLIST_KEY_UILaunchScreen_Generation = YES;
				INFOPLIST_KEY_UISupportedInterfaceOrientations_iPad = "UIInterfaceOrientationPortrait UIInterfaceOrientationPortraitUpsideDown UIInterfaceOrientationLandscapeLeft UIInterfaceOrientationLandscapeRight";
				INFOPLIST_KEY_UISupportedInterfaceOrientations_iPhone = "UIInterfaceOrientationPortrait UIInterfaceOrientationLandscapeLeft UIInterfaceOrientationLandscapeRight";
				IPHONEOS_DEPLOYMENT_TARGET = 15.0;
				LD_RUNPATH_SEARCH_PATHS = (
					"$(inherited)",
					"@executable_path/Frameworks",
				);
				MARKETING_VERSION = 1.0;
				PRODUCT_BUNDLE_IDENTIFIER = com.manev.mikhail.MagicIsReal;
				PRODUCT_NAME = "$(TARGET_NAME)";
				SUPPORTED_PLATFORMS = "iphoneos iphonesimulator";
				SUPPORTS_MACCATALYST = NO;
				SUPPORTS_MAC_DESIGNED_FOR_IPHONE_IPAD = NO;
				SWIFT_EMIT_LOC_STRINGS = YES;
				SWIFT_VERSION = 5.0;
				TARGETED_DEVICE_FAMILY = "1,2";
			};
			name = Release;
		};
/* End XCBuildConfiguration section */

/* Begin XCConfigurationList section */
		8D3C21572A309BFA0036DCBA /* Build configuration list for PBXProject "MagicIsReal" */ = {
			isa = XCConfigurationList;
			buildConfigurations = (
				8D3C21682A309BFB0036DCBA /* Debug */,
				8D3C21692A309BFB0036DCBA /* Release */,
			);
			defaultConfigurationIsVisible = 0;
			defaultConfigurationName = Release;
		};
		8D3C216A2A309BFB0036DCBA /* Build configuration list for PBXNativeTarget "MagicIsReal" */ = {
			isa = XCConfigurationList;
			buildConfigurations = (
				8D3C216B2A309BFB0036DCBA /* Debug */,
				8D3C216C2A309BFB0036DCBA /* Release */,
			);
			defaultConfigurationIsVisible = 0;
			defaultConfigurationName = Release;
		};
/* End XCConfigurationList section */

/* Begin XCRemoteSwiftPackageReference section */
		8DFDD3262A30A1AE006ED88F /* XCRemoteSwiftPackageReference "BodyTracking" */ = {
			isa = XCRemoteSwiftPackageReference;
			repositoryURL = "https://github.com/Reality-Dev/BodyTracking";
			requirement = {
				kind = upToNextMajorVersion;
				minimumVersion = 1.0.0;
			};
		};
/* End XCRemoteSwiftPackageReference section */

/* Begin XCSwiftPackageProductDependency section */
		8DFDD3272A30A1AE006ED88F /* BodyTracking */ = {
			isa = XCSwiftPackageProductDependency;
			package = 8DFDD3262A30A1AE006ED88F /* XCRemoteSwiftPackageReference "BodyTracking" */;
			productName = BodyTracking;
		};
/* End XCSwiftPackageProductDependency section */
	};
	rootObject = 8D3C21542A309BFA0036DCBA /* Project object */;
}
